// !$*UTF8*$!
{
	archiveVersion = 1;
	classes = {
	};
	objectVersion = 50;
	objects = {

/* Begin PBXBuildFile section */
		D11E88EF2408FD7F0017D697 /* AppDelegate.m in Sources */ = {isa = PBXBuildFile; fileRef = D11E88EE2408FD7F0017D697 /* AppDelegate.m */; };
		D11E88F22408FD7F0017D697 /* ViewController.m in Sources */ = {isa = PBXBuildFile; fileRef = D11E88F12408FD7F0017D697 /* ViewController.m */; };
		D11E88F42408FD830017D697 /* Assets.xcassets in Resources */ = {isa = PBXBuildFile; fileRef = D11E88F32408FD830017D697 /* Assets.xcassets */; };
		D11E88F72408FD830017D697 /* Main.storyboard in Resources */ = {isa = PBXBuildFile; fileRef = D11E88F52408FD830017D697 /* Main.storyboard */; };
		D11E88FA2408FD830017D697 /* main.m in Sources */ = {isa = PBXBuildFile; fileRef = D11E88F92408FD830017D697 /* main.m */; };
		D11E8903240990F70017D697 /* SidebarTableCellView.m in Sources */ = {isa = PBXBuildFile; fileRef = D11E8901240990F70017D697 /* SidebarTableCellView.m */; };
		D1BAC4C82409C68900B9ABC4 /* README.md in Resources */ = {isa = PBXBuildFile; fileRef = D1BAC4C72409C68900B9ABC4 /* README.md */; };
/* End PBXBuildFile section */

/* Begin PBXFileReference section */
		D11E88EA2408FD7F0017D697 /* Hello_Sidebar.app */ = {isa = PBXFileReference; explicitFileType = wrapper.application; includeInIndex = 0; path = Hello_Sidebar.app; sourceTree = BUILT_PRODUCTS_DIR; };
		D11E88ED2408FD7F0017D697 /* AppDelegate.h */ = {isa = PBXFileReference; lastKnownFileType = sourcecode.c.h; path = AppDelegate.h; sourceTree = "<group>"; };
		D11E88EE2408FD7F0017D697 /* AppDelegate.m */ = {isa = PBXFileReference; lastKnownFileType = sourcecode.c.objc; path = AppDelegate.m; sourceTree = "<group>"; };
		D11E88F02408FD7F0017D697 /* ViewController.h */ = {isa = PBXFileReference; lastKnownFileType = sourcecode.c.h; path = ViewController.h; sourceTree = "<group>"; };
		D11E88F12408FD7F0017D697 /* ViewController.m */ = {isa = PBXFileReference; lastKnownFileType = sourcecode.c.objc; path = ViewController.m; sourceTree = "<group>"; };
		D11E88F32408FD830017D697 /* Assets.xcassets */ = {isa = PBXFileReference; lastKnownFileType = folder.assetcatalog; path = Assets.xcassets; sourceTree = "<group>"; };
		D11E88F62408FD830017D697 /* Base */ = {isa = PBXFileReference; lastKnownFileType = file.storyboard; name = Base; path = Base.lproj/Main.storyboard; sourceTree = "<group>"; };
		D11E88F82408FD830017D697 /* Info.plist */ = {isa = PBXFileReference; lastKnownFileType = text.plist.xml; path = Info.plist; sourceTree = "<group>"; };
		D11E88F92408FD830017D697 /* main.m */ = {isa = PBXFileReference; lastKnownFileType = sourcecode.c.objc; path = main.m; sourceTree = "<group>"; };
		D11E88FB2408FD830017D697 /* Hello_Sidebar.entitlements */ = {isa = PBXFileReference; lastKnownFileType = text.plist.entitlements; path = Hello_Sidebar.entitlements; sourceTree = "<group>"; };
		D11E8901240990F70017D697 /* SidebarTableCellView.m */ = {isa = PBXFileReference; fileEncoding = 4; lastKnownFileType = sourcecode.c.objc; path = SidebarTableCellView.m; sourceTree = "<group>"; };
		D11E8902240990F70017D697 /* SidebarTableCellView.h */ = {isa = PBXFileReference; fileEncoding = 4; lastKnownFileType = sourcecode.c.h; path = SidebarTableCellView.h; sourceTree = "<group>"; };
		D1BAC4C72409C68900B9ABC4 /* README.md */ = {isa = PBXFileReference; fileEncoding = 4; lastKnownFileType = net.daringfireball.markdown; path = README.md; sourceTree = SOURCE_ROOT; };
/* End PBXFileReference section */

/* Begin PBXFrameworksBuildPhase section */
		D11E88E72408FD7F0017D697 /* Frameworks */ = {
			isa = PBXFrameworksBuildPhase;
			buildActionMask = 2147483647;
			files = (
			);
			runOnlyForDeploymentPostprocessing = 0;
		};
/* End PBXFrameworksBuildPhase section */

/* Begin PBXGroup section */
		D11E88E12408FD7F0017D697 = {
			isa = PBXGroup;
			children = (
				D11E88EC2408FD7F0017D697 /* Hello_Sidebar */,
				D11E88EB2408FD7F0017D697 /* Products */,
				D1BAC4C72409C68900B9ABC4 /* README.md */,
			);
			sourceTree = "<group>";
		};
		D11E88EB2408FD7F0017D697 /* Products */ = {
			isa = PBXGroup;
			children = (
				D11E88EA2408FD7F0017D697 /* Hello_Sidebar.app */,
			);
			name = Products;
			sourceTree = "<group>";
		};
		D11E88EC2408FD7F0017D697 /* Hello_Sidebar */ = {
			isa = PBXGroup;
			children = (
				D11E88ED2408FD7F0017D697 /* AppDelegate.h */,
				D11E88EE2408FD7F0017D697 /* AppDelegate.m */,
				D11E88F02408FD7F0017D697 /* ViewController.h */,
				D11E88F12408FD7F0017D697 /* ViewController.m */,
				D11E88F32408FD830017D697 /* Assets.xcassets */,
				D11E88F52408FD830017D697 /* Main.storyboard */,
				D11E8902240990F70017D697 /* SidebarTableCellView.h */,
				D11E8901240990F70017D697 /* SidebarTableCellView.m */,
				D11E88F82408FD830017D697 /* Info.plist */,
				D11E88F92408FD830017D697 /* main.m */,
				D11E88FB2408FD830017D697 /* Hello_Sidebar.entitlements */,
			);
			path = Hello_Sidebar;
			sourceTree = "<group>";
		};
/* End PBXGroup section */

/* Begin PBXNativeTarget section */
		D11E88E92408FD7F0017D697 /* Hello_Sidebar */ = {
			isa = PBXNativeTarget;
			buildConfigurationList = D11E88FE2408FD830017D697 /* Build configuration list for PBXNativeTarget "Hello_Sidebar" */;
			buildPhases = (
				D11E88E62408FD7F0017D697 /* Sources */,
				D11E88E72408FD7F0017D697 /* Frameworks */,
				D11E88E82408FD7F0017D697 /* Resources */,
			);
			buildRules = (
			);
			dependencies = (
			);
			name = Hello_Sidebar;
			productName = Hello_Sidebar;
			productReference = D11E88EA2408FD7F0017D697 /* Hello_Sidebar.app */;
			productType = "com.apple.product-type.application";
		};
/* End PBXNativeTarget section */

/* Begin PBXProject section */
		D11E88E22408FD7F0017D697 /* Project object */ = {
			isa = PBXProject;
			attributes = {
				LastUpgradeCheck = 1130;
				ORGANIZATIONNAME = "Rik Goossens";
				TargetAttributes = {
					D11E88E92408FD7F0017D697 = {
						CreatedOnToolsVersion = 11.3.1;
					};
				};
			};
			buildConfigurationList = D11E88E52408FD7F0017D697 /* Build configuration list for PBXProject "Hello_Sidebar" */;
			compatibilityVersion = "Xcode 9.3";
			developmentRegion = en;
			hasScannedForEncodings = 0;
			knownRegions = (
				en,
				Base,
			);
			mainGroup = D11E88E12408FD7F0017D697;
			productRefGroup = D11E88EB2408FD7F0017D697 /* Products */;
			projectDirPath = "";
			projectRoot = "";
			targets = (
				D11E88E92408FD7F0017D697 /* Hello_Sidebar */,
			);
		};
/* End PBXProject section */

/* Begin PBXResourcesBuildPhase section */
		D11E88E82408FD7F0017D697 /* Resources */ = {
			isa = PBXResourcesBuildPhase;
			buildActionMask = 2147483647;
			files = (
				D1BAC4C82409C68900B9ABC4 /* README.md in Resources */,
				D11E88F42408FD830017D697 /* Assets.xcassets in Resources */,
				D11E88F72408FD830017D697 /* Main.storyboard in Resources */,
			);
			runOnlyForDeploymentPostprocessing = 0;
		};
/* End PBXResourcesBuildPhase section */

/* Begin PBXSourcesBuildPhase section */
		D11E88E62408FD7F0017D697 /* Sources */ = {
			isa = PBXSourcesBuildPhase;
			buildActionMask = 2147483647;
			files = (
				D11E88F22408FD7F0017D697 /* ViewController.m in Sources */,
				D11E88FA2408FD830017D697 /* main.m in Sources */,
				D11E8903240990F70017D697 /* SidebarTableCellView.m in Sources */,
				D11E88EF2408FD7F0017D697 /* AppDelegate.m in Sources */,
			);
			runOnlyForDeploymentPostprocessing = 0;
		};
/* End PBXSourcesBuildPhase section */

/* Begin PBXVariantGroup section */
		D11E88F52408FD830017D697 /* Main.storyboard */ = {
			isa = PBXVariantGroup;
			children = (
				D11E88F62408FD830017D697 /* Base */,
			);
			name = Main.storyboard;
			sourceTree = "<group>";
		};
/* End PBXVariantGroup section */

/* Begin XCBuildConfiguration section */
		D11E88FC2408FD830017D697 /* Debug */ = {
			isa = XCBuildConfiguration;
			buildSettings = {
				ALWAYS_SEARCH_USER_PATHS = NO;
				CLANG_ANALYZER_NONNULL = YES;
				CLANG_ANALYZER_NUMBER_OBJECT_CONVERSION = YES_AGGRESSIVE;
				CLANG_CXX_LANGUAGE_STANDARD = "gnu++14";
				CLANG_CXX_LIBRARY = "libc++";
				CLANG_ENABLE_MODULES = YES;
				CLANG_ENABLE_OBJC_ARC = YES;
				CLANG_ENABLE_OBJC_WEAK = YES;
				CLANG_WARN_BLOCK_CAPTURE_AUTORELEASING = YES;
				CLANG_WARN_BOOL_CONVERSION = YES;
				CLANG_WARN_COMMA = YES;
				CLANG_WARN_CONSTANT_CONVERSION = YES;
				CLANG_WARN_DEPRECATED_OBJC_IMPLEMENTATIONS = YES;
				CLANG_WARN_DIRECT_OBJC_ISA_USAGE = YES_ERROR;
				CLANG_WARN_DOCUMENTATION_COMMENTS = YES;
				CLANG_WARN_EMPTY_BODY = YES;
				CLANG_WARN_ENUM_CONVERSION = YES;
				CLANG_WARN_INFINITE_RECURSION = YES;
				CLANG_WARN_INT_CONVERSION = YES;
				CLANG_WARN_NON_LITERAL_NULL_CONVERSION = YES;
				CLANG_WARN_OBJC_IMPLICIT_RETAIN_SELF = YES;
				CLANG_WARN_OBJC_LITERAL_CONVERSION = YES;
				CLANG_WARN_OBJC_ROOT_CLASS = YES_ERROR;
				CLANG_WARN_RANGE_LOOP_ANALYSIS = YES;
				CLANG_WARN_STRICT_PROTOTYPES = YES;
				CLANG_WARN_SUSPICIOUS_MOVE = YES;
				CLANG_WARN_UNGUARDED_AVAILABILITY = YES_AGGRESSIVE;
				CLANG_WARN_UNREACHABLE_CODE = YES;
				CLANG_WARN__DUPLICATE_METHOD_MATCH = YES;
				COPY_PHASE_STRIP = NO;
				DEBUG_INFORMATION_FORMAT = dwarf;
				ENABLE_STRICT_OBJC_MSGSEND = YES;
				ENABLE_TESTABILITY = YES;
				GCC_C_LANGUAGE_STANDARD = gnu11;
				GCC_DYNAMIC_NO_PIC = NO;
				GCC_NO_COMMON_BLOCKS = YES;
				GCC_OPTIMIZATION_LEVEL = 0;
				GCC_PREPROCESSOR_DEFINITIONS = (
					"DEBUG=1",
					"$(inherited)",
				);
				GCC_WARN_64_TO_32_BIT_CONVERSION = YES;
				GCC_WARN_ABOUT_RETURN_TYPE = YES_ERROR;
				GCC_WARN_UNDECLARED_SELECTOR = YES;
				GCC_WARN_UNINITIALIZED_AUTOS = YES_AGGRESSIVE;
				GCC_WARN_UNUSED_FUNCTION = YES;
				GCC_WARN_UNUSED_VARIABLE = YES;
				MACOSX_DEPLOYMENT_TARGET = 10.15;
				MTL_ENABLE_DEBUG_INFO = INCLUDE_SOURCE;
				MTL_FAST_MATH = YES;
				ONLY_ACTIVE_ARCH = YES;
				SDKROOT = macosx;
			};
			name = Debug;
		};
		D11E88FD2408FD830017D697 /* Release */ = {
			isa = XCBuildConfiguration;
			buildSettings = {
				ALWAYS_SEARCH_USER_PATHS = NO;
				CLANG_ANALYZER_NONNULL = YES;
				CLANG_ANALYZER_NUMBER_OBJECT_CONVERSION = YES_AGGRESSIVE;
				CLANG_CXX_LANGUAGE_STANDARD = "gnu++14";
				CLANG_CXX_LIBRARY = "libc++";
				CLANG_ENABLE_MODULES = YES;
				CLANG_ENABLE_OBJC_ARC = YES;
				CLANG_ENABLE_OBJC_WEAK = YES;
				CLANG_WARN_BLOCK_CAPTURE_AUTORELEASING = YES;
				CLANG_WARN_BOOL_CONVERSION = YES;
				CLANG_WARN_COMMA = YES;
				CLANG_WARN_CONSTANT_CONVERSION = YES;
				CLANG_WARN_DEPRECATED_OBJC_IMPLEMENTATIONS = YES;
				CLANG_WARN_DIRECT_OBJC_ISA_USAGE = YES_ERROR;
				CLANG_WARN_DOCUMENTATION_COMMENTS = YES;
				CLANG_WARN_EMPTY_BODY = YES;
				CLANG_WARN_ENUM_CONVERSION = YES;
				CLANG_WARN_INFINITE_RECURSION = YES;
				CLANG_WARN_INT_CONVERSION = YES;
				CLANG_WARN_NON_LITERAL_NULL_CONVERSION = YES;
				CLANG_WARN_OBJC_IMPLICIT_RETAIN_SELF = YES;
				CLANG_WARN_OBJC_LITERAL_CONVERSION = YES;
				CLANG_WARN_OBJC_ROOT_CLASS = YES_ERROR;
				CLANG_WARN_RANGE_LOOP_ANALYSIS = YES;
				CLANG_WARN_STRICT_PROTOTYPES = YES;
				CLANG_WARN_SUSPICIOUS_MOVE = YES;
				CLANG_WARN_UNGUARDED_AVAILABILITY = YES_AGGRESSIVE;
				CLANG_WARN_UNREACHABLE_CODE = YES;
				CLANG_WARN__DUPLICATE_METHOD_MATCH = YES;
				COPY_PHASE_STRIP = NO;
				DEBUG_INFORMATION_FORMAT = "dwarf-with-dsym";
				ENABLE_NS_ASSERTIONS = NO;
				ENABLE_STRICT_OBJC_MSGSEND = YES;
				GCC_C_LANGUAGE_STANDARD = gnu11;
				GCC_NO_COMMON_BLOCKS = YES;
				GCC_WARN_64_TO_32_BIT_CONVERSION = YES;
				GCC_WARN_ABOUT_RETURN_TYPE = YES_ERROR;
				GCC_WARN_UNDECLARED_SELECTOR = YES;
				GCC_WARN_UNINITIALIZED_AUTOS = YES_AGGRESSIVE;
				GCC_WARN_UNUSED_FUNCTION = YES;
				GCC_WARN_UNUSED_VARIABLE = YES;
				MACOSX_DEPLOYMENT_TARGET = 10.15;
				MTL_ENABLE_DEBUG_INFO = NO;
				MTL_FAST_MATH = YES;
				SDKROOT = macosx;
			};
			name = Release;
		};
		D11E88FF2408FD830017D697 /* Debug */ = {
			isa = XCBuildConfiguration;
			buildSettings = {
				ASSETCATALOG_COMPILER_APPICON_NAME = AppIcon;
				CLANG_ENABLE_OBJC_ARC = NO;
				CODE_SIGN_ENTITLEMENTS = Hello_Sidebar/Hello_Sidebar.entitlements;
				CODE_SIGN_STYLE = Automatic;
				COMBINE_HIDPI_IMAGES = YES;
				DEVELOPMENT_TEAM = 66R4DJ92ZQ;
				ENABLE_HARDENED_RUNTIME = YES;
				INFOPLIST_FILE = Hello_Sidebar/Info.plist;
				LD_RUNPATH_SEARCH_PATHS = (
					"$(inherited)",
					"@executable_path/../Frameworks",
				);
				PRODUCT_BUNDLE_IDENTIFIER = "Blacksphere.Hello-Sidebar";
				PRODUCT_NAME = "$(TARGET_NAME)";
			};
			name = Debug;
		};
		D11E89002408FD830017D697 /* Release */ = {
			isa = XCBuildConfiguration;
			buildSettings = {
				ASSETCATALOG_COMPILER_APPICON_NAME = AppIcon;
				CLANG_ENABLE_OBJC_ARC = NO;
				CODE_SIGN_ENTITLEMENTS = Hello_Sidebar/Hello_Sidebar.entitlements;
				CODE_SIGN_STYLE = Automatic;
				COMBINE_HIDPI_IMAGES = YES;
				DEVELOPMENT_TEAM = 66R4DJ92ZQ;
				ENABLE_HARDENED_RUNTIME = YES;
				INFOPLIST_FILE = Hello_Sidebar/Info.plist;
				LD_RUNPATH_SEARCH_PATHS = (
					"$(inherited)",
					"@executable_path/../Frameworks",
				);
				PRODUCT_BUNDLE_IDENTIFIER = "Blacksphere.Hello-Sidebar";
				PRODUCT_NAME = "$(TARGET_NAME)";
			};
			name = Release;
		};
/* End XCBuildConfiguration section */

/* Begin XCConfigurationList section */
		D11E88E52408FD7F0017D697 /* Build configuration list for PBXProject "Hello_Sidebar" */ = {
			isa = XCConfigurationList;
			buildConfigurations = (
				D11E88FC2408FD830017D697 /* Debug */,
				D11E88FD2408FD830017D697 /* Release */,
			);
			defaultConfigurationIsVisible = 0;
			defaultConfigurationName = Release;
		};
		D11E88FE2408FD830017D697 /* Build configuration list for PBXNativeTarget "Hello_Sidebar" */ = {
			isa = XCConfigurationList;
			buildConfigurations = (
				D11E88FF2408FD830017D697 /* Debug */,
				D11E89002408FD830017D697 /* Release */,
			);
			defaultConfigurationIsVisible = 0;
			defaultConfigurationName = Release;
		};
/* End XCConfigurationList section */
	};
	rootObject = D11E88E22408FD7F0017D697 /* Project object */;
}
